Microsoft Visual Studio Solution File, Format Version 12.00
# Visual Studio Version 17
VisualStudioVersion = 17.5.2.0
MinimumVisualStudioVersion = 10.0.40219.1
Project("{FAE04EC0-301F-11D3-BF4B-00C04F79EFBC}") = "CSVGeneratorSOLID", "CSVGeneratorSOLID.csproj", "{8A5581EF-3AA9-8B52-BC94-F6D71FEAEC41}"
EndProject
Global
	GlobalSection(SolutionConfigurationPlatforms) = preSolution
		Debug|Any CPU = Debug|Any CPU
		Release|Any CPU = Release|Any CPU
	EndGlobalSection
	GlobalSection(ProjectConfigurationPlatforms) = postSolution
		{8A5581EF-3AA9-8B52-BC94-F6D71FEAEC41}.Debug|Any CPU.ActiveCfg = Debug|Any CPU
		{8A5581EF-3AA9-8B52-BC94-F6D71FEAEC41}.Debug|Any CPU.Build.0 = Debug|Any CPU
		{8A5581EF-3AA9-8B52-BC94-F6D71FEAEC41}.Release|Any CPU.ActiveCfg = Release|Any CPU
		{8A5581EF-3AA9-8B52-BC94-F6D71FEAEC41}.Release|Any CPU.Build.0 = Release|Any CPU
	EndGlobalSection
	GlobalSection(SolutionProperties) = preSolution
		HideSolutionNode = FALSE
	EndGlobalSection
	GlobalSection(ExtensibilityGlobals) = postSolution
		SolutionGuid = {93C0DC41-C69D-4997-8FFE-6196353BE106}
	EndGlobalSection
EndGlobal
